
Microsoft Visual Studio Solution File, Format Version 12.00
# Visual Studio Version 17
VisualStudioVersion = 17.10.35013.160
MinimumVisualStudioVersion = 10.0.40219.1
Project("{FAE04EC0-301F-11D3-BF4B-00C04F79EFBC}") = "backend", "backend.csproj", "{C4FB28A9-9D02-4374-BFB4-3235EA4B8FCD}"
EndProject
Global
	GlobalSection(SolutionConfigurationPlatforms) = preSolution
		Debug|Any CPU = Debug|Any CPU
		Release|Any CPU = Release|Any CPU
	EndGlobalSection
	GlobalSection(ProjectConfigurationPlatforms) = postSolution
		{C4FB28A9-9D02-4374-BFB4-3235EA4B8FCD}.Debug|Any CPU.ActiveCfg = Debug|Any CPU
		{C4FB28A9-9D02-4374-BFB4-3235EA4B8FCD}.Debug|Any CPU.Build.0 = Debug|Any CPU
		{C4FB28A9-9D02-4374-BFB4-3235EA4B8FCD}.Release|Any CPU.ActiveCfg = Release|Any CPU
		{C4FB28A9-9D02-4374-BFB4-3235EA4B8FCD}.Release|Any CPU.Build.0 = Release|Any CPU
	EndGlobalSection
	GlobalSection(SolutionProperties) = preSolution
		HideSolutionNode = FALSE
	EndGlobalSection
	GlobalSection(ExtensibilityGlobals) = postSolution
		SolutionGuid = {89090C0C-297F-4E5D-89F1-87ED401A9357}
	EndGlobalSection
EndGlobal
